// !$*UTF8*$!
{
	archiveVersion = 1;
	classes = {
	};
	objectVersion = 46;
	objects = {

/* Begin PBXAggregateTarget section */
		CDD72A7B16E3705300DC703A /* Build and Merge libs */ = {
			isa = PBXAggregateTarget;
			buildConfigurationList = CDD72A7C16E3705300DC703A /* Build configuration list for PBXAggregateTarget "Build and Merge libs" */;
			buildPhases = (
				CDD72A8316E370B600DC703A /* ShellScript */,
				CDD72A8416E370C100DC703A /* CopyFiles */,
				CDD72A8516E370C300DC703A /* ShellScript */,
			);
			dependencies = (
				CDD72A8016E3709C00DC703A /* PBXTargetDependency */,
			);
			name = "Build and Merge libs";
			productName = "Build and Merge libs";
		};
/* End PBXAggregateTarget section */

/* Begin PBXBuildFile section */
		CD0EE5AC16CE548600210834 /* Foundation.framework in Frameworks */ = {isa = PBXBuildFile; fileRef = CD0EE5AB16CE548600210834 /* Foundation.framework */; };
		CD0EE5BA16CE548600210834 /* SenTestingKit.framework in Frameworks */ = {isa = PBXBuildFile; fileRef = CD0EE5B916CE548600210834 /* SenTestingKit.framework */; };
		CD0EE5BC16CE548600210834 /* UIKit.framework in Frameworks */ = {isa = PBXBuildFile; fileRef = CD0EE5BB16CE548600210834 /* UIKit.framework */; };
		CD0EE5BD16CE548600210834 /* Foundation.framework in Frameworks */ = {isa = PBXBuildFile; fileRef = CD0EE5AB16CE548600210834 /* Foundation.framework */; };
		CD0EE5C016CE548600210834 /* liberrplane-ios.1.0.1.a in Frameworks */ = {isa = PBXBuildFile; fileRef = CD0EE5A816CE548600210834 /* liberrplane-ios.1.0.1.a */; };
		CD0EE5C616CE548600210834 /* InfoPlist.strings in Resources */ = {isa = PBXBuildFile; fileRef = CD0EE5C416CE548600210834 /* InfoPlist.strings */; };
		CD0EE5D416CE5A8B00210834 /* Errplane.h in Headers */ = {isa = PBXBuildFile; fileRef = CD0EE5D216CE5A8B00210834 /* Errplane.h */; };
		CD0EE5D516CE5A8B00210834 /* Errplane.m in Sources */ = {isa = PBXBuildFile; fileRef = CD0EE5D316CE5A8B00210834 /* Errplane.m */; };
		CD0EE5E216CFAD2600210834 /* EPReportHelper.h in Headers */ = {isa = PBXBuildFile; fileRef = CD0EE5E016CFAD2600210834 /* EPReportHelper.h */; };
		CD0EE5E316CFAD2600210834 /* EPReportHelper.m in Sources */ = {isa = PBXBuildFile; fileRef = CD0EE5E116CFAD2600210834 /* EPReportHelper.m */; };
		CD0EE5F816CFCCCF00210834 /* EPHTTPPostHelper.h in Headers */ = {isa = PBXBuildFile; fileRef = CD0EE5F616CFCCCF00210834 /* EPHTTPPostHelper.h */; };
		CD0EE5F916CFCCCF00210834 /* EPHTTPPostHelper.m in Sources */ = {isa = PBXBuildFile; fileRef = CD0EE5F716CFCCCF00210834 /* EPHTTPPostHelper.m */; };
		CD0EE5FC16D0FCE700210834 /* ErrplaneTest.m in Sources */ = {isa = PBXBuildFile; fileRef = CD0EE5FB16D0FCE700210834 /* ErrplaneTest.m */; };
		CD60B7DC16F33B8500AAAD72 /* EPUIApplicationNotification.h in Headers */ = {isa = PBXBuildFile; fileRef = CD60B7DA16F33B8500AAAD72 /* EPUIApplicationNotification.h */; };
		CD60B7DD16F33B8500AAAD72 /* EPUIApplicationNotification.m in Sources */ = {isa = PBXBuildFile; fileRef = CD60B7DB16F33B8500AAAD72 /* EPUIApplicationNotification.m */; };
		CD8AD51116EA1EEE00B7E303 /* UIViewController+EPReport.h in Headers */ = {isa = PBXBuildFile; fileRef = CD8AD50F16EA1EEE00B7E303 /* UIViewController+EPReport.h */; };
		CD8AD51216EA1EEE00B7E303 /* UIViewController+EPReport.m in Sources */ = {isa = PBXBuildFile; fileRef = CD8AD51016EA1EEE00B7E303 /* UIViewController+EPReport.m */; };
		CD8AD51C16EA203B00B7E303 /* UIControl+EPReport.h in Headers */ = {isa = PBXBuildFile; fileRef = CD8AD51A16EA203B00B7E303 /* UIControl+EPReport.h */; };
		CD8AD51D16EA203B00B7E303 /* UIControl+EPReport.m in Sources */ = {isa = PBXBuildFile; fileRef = CD8AD51B16EA203B00B7E303 /* UIControl+EPReport.m */; };
		CD8AD52416EA209200B7E303 /* UITableViewController+EPReport.h in Headers */ = {isa = PBXBuildFile; fileRef = CD8AD52216EA209200B7E303 /* UITableViewController+EPReport.h */; };
		CD8AD52516EA209200B7E303 /* UITableViewController+EPReport.m in Sources */ = {isa = PBXBuildFile; fileRef = CD8AD52316EA209200B7E303 /* UITableViewController+EPReport.m */; };
		CD9BB19216D8E47000A2B302 /* EPBase64.h in Headers */ = {isa = PBXBuildFile; fileRef = CD9BB19016D8E47000A2B302 /* EPBase64.h */; };
		CD9BB19316D8E47000A2B302 /* EPBase64.m in Sources */ = {isa = PBXBuildFile; fileRef = CD9BB19116D8E47000A2B302 /* EPBase64.m */; };
		CD9BB19716D8F2B900A2B302 /* EPBase64Test.m in Sources */ = {isa = PBXBuildFile; fileRef = CD9BB19616D8F2B900A2B302 /* EPBase64Test.m */; };
		CD9BB19916DA36A700A2B302 /* EPExceptionHashProtocol.h in Headers */ = {isa = PBXBuildFile; fileRef = CD9BB19816DA36A700A2B302 /* EPExceptionHashProtocol.h */; };
		CD9BB19C16DA37D400A2B302 /* EPDefaultExceptionHash.h in Headers */ = {isa = PBXBuildFile; fileRef = CD9BB19A16DA37D400A2B302 /* EPDefaultExceptionHash.h */; };
		CD9BB19D16DA37D400A2B302 /* EPDefaultExceptionHash.m in Sources */ = {isa = PBXBuildFile; fileRef = CD9BB19B16DA37D400A2B302 /* EPDefaultExceptionHash.m */; };
		CD9BB1A016DA438F00A2B302 /* EPExceptionDetailHelper.h in Headers */ = {isa = PBXBuildFile; fileRef = CD9BB19E16DA438E00A2B302 /* EPExceptionDetailHelper.h */; };
		CD9BB1A116DA438F00A2B302 /* EPExceptionDetailHelper.m in Sources */ = {isa = PBXBuildFile; fileRef = CD9BB19F16DA438F00A2B302 /* EPExceptionDetailHelper.m */; };
		CD9BB1A416DA4E0800A2B302 /* EPIOSDeviceInfo.h in Headers */ = {isa = PBXBuildFile; fileRef = CD9BB1A216DA4E0700A2B302 /* EPIOSDeviceInfo.h */; };
		CD9BB1A516DA4E0800A2B302 /* EPIOSDeviceInfo.m in Sources */ = {isa = PBXBuildFile; fileRef = CD9BB1A316DA4E0700A2B302 /* EPIOSDeviceInfo.m */; };
		CDD72A5B16E23B3900DC703A /* TestExceptionHashImpl.m in Sources */ = {isa = PBXBuildFile; fileRef = CDD72A5A16E23B3900DC703A /* TestExceptionHashImpl.m */; };
		CDD72A5E16E2DFF300DC703A /* EPDefaultExceptionHash.h in CopyFiles */ = {isa = PBXBuildFile; fileRef = CD9BB19A16DA37D400A2B302 /* EPDefaultExceptionHash.h */; };
		CDD72A5F16E2DFFA00DC703A /* Errplane.h in CopyFiles */ = {isa = PBXBuildFile; fileRef = CD0EE5D216CE5A8B00210834 /* Errplane.h */; };
		CDD72A6216E36EE000DC703A /* Errplane.m in Sources */ = {isa = PBXBuildFile; fileRef = CD0EE5D316CE5A8B00210834 /* Errplane.m */; };
		CDD72A6316E36EE000DC703A /* EPReportHelper.m in Sources */ = {isa = PBXBuildFile; fileRef = CD0EE5E116CFAD2600210834 /* EPReportHelper.m */; };
		CDD72A6416E36EE000DC703A /* EPHTTPPostHelper.m in Sources */ = {isa = PBXBuildFile; fileRef = CD0EE5F716CFCCCF00210834 /* EPHTTPPostHelper.m */; };
		CDD72A6516E36EE000DC703A /* EPBase64.m in Sources */ = {isa = PBXBuildFile; fileRef = CD9BB19116D8E47000A2B302 /* EPBase64.m */; };
		CDD72A6616E36EE000DC703A /* EPDefaultExceptionHash.m in Sources */ = {isa = PBXBuildFile; fileRef = CD9BB19B16DA37D400A2B302 /* EPDefaultExceptionHash.m */; };
		CDD72A6716E36EE000DC703A /* EPExceptionDetailHelper.m in Sources */ = {isa = PBXBuildFile; fileRef = CD9BB19F16DA438F00A2B302 /* EPExceptionDetailHelper.m */; };
		CDD72A6816E36EE000DC703A /* EPIOSDeviceInfo.m in Sources */ = {isa = PBXBuildFile; fileRef = CD9BB1A316DA4E0700A2B302 /* EPIOSDeviceInfo.m */; };
		CDD72A6A16E36EE000DC703A /* Foundation.framework in Frameworks */ = {isa = PBXBuildFile; fileRef = CD0EE5AB16CE548600210834 /* Foundation.framework */; };
		CDD72A6C16E36EE000DC703A /* Errplane.h in Headers */ = {isa = PBXBuildFile; fileRef = CD0EE5D216CE5A8B00210834 /* Errplane.h */; };
		CDD72A6D16E36EE000DC703A /* EPReportHelper.h in Headers */ = {isa = PBXBuildFile; fileRef = CD0EE5E016CFAD2600210834 /* EPReportHelper.h */; };
		CDD72A6E16E36EE000DC703A /* EPHTTPPostHelper.h in Headers */ = {isa = PBXBuildFile; fileRef = CD0EE5F616CFCCCF00210834 /* EPHTTPPostHelper.h */; };
		CDD72A6F16E36EE000DC703A /* EPBase64.h in Headers */ = {isa = PBXBuildFile; fileRef = CD9BB19016D8E47000A2B302 /* EPBase64.h */; };
		CDD72A7016E36EE000DC703A /* EPExceptionHashProtocol.h in Headers */ = {isa = PBXBuildFile; fileRef = CD9BB19816DA36A700A2B302 /* EPExceptionHashProtocol.h */; };
		CDD72A7116E36EE000DC703A /* EPDefaultExceptionHash.h in Headers */ = {isa = PBXBuildFile; fileRef = CD9BB19A16DA37D400A2B302 /* EPDefaultExceptionHash.h */; };
		CDD72A7216E36EE000DC703A /* EPExceptionDetailHelper.h in Headers */ = {isa = PBXBuildFile; fileRef = CD9BB19E16DA438E00A2B302 /* EPExceptionDetailHelper.h */; };
		CDD72A7316E36EE000DC703A /* EPIOSDeviceInfo.h in Headers */ = {isa = PBXBuildFile; fileRef = CD9BB1A216DA4E0700A2B302 /* EPIOSDeviceInfo.h */; };
		CDD72A7516E36EE000DC703A /* Errplane.h in CopyFiles */ = {isa = PBXBuildFile; fileRef = CD0EE5D216CE5A8B00210834 /* Errplane.h */; };
		CDD72A7616E36EE000DC703A /* EPDefaultExceptionHash.h in CopyFiles */ = {isa = PBXBuildFile; fileRef = CD9BB19A16DA37D400A2B302 /* EPDefaultExceptionHash.h */; };
		CDD72A8616E3716E00DC703A /* EPDefaultExceptionHash.h in CopyFiles */ = {isa = PBXBuildFile; fileRef = CD9BB19A16DA37D400A2B302 /* EPDefaultExceptionHash.h */; };
		CDD72A9116E37F7C00DC703A /* Errplane.h in CopyFiles */ = {isa = PBXBuildFile; fileRef = CD0EE5D216CE5A8B00210834 /* Errplane.h */; };
/* End PBXBuildFile section */

/* Begin PBXContainerItemProxy section */
		CD0EE5BE16CE548600210834 /* PBXContainerItemProxy */ = {
			isa = PBXContainerItemProxy;
			containerPortal = CD0EE59F16CE548600210834 /* Project object */;
			proxyType = 1;
			remoteGlobalIDString = CD0EE5A716CE548600210834;
			remoteInfo = "errplane-ios";
		};
		CDD72A7F16E3709C00DC703A /* PBXContainerItemProxy */ = {
			isa = PBXContainerItemProxy;
			containerPortal = CD0EE59F16CE548600210834 /* Project object */;
			proxyType = 1;
			remoteGlobalIDString = CD0EE5A716CE548600210834;
			remoteInfo = "errplane-ios";
		};
/* End PBXContainerItemProxy section */

/* Begin PBXCopyFilesBuildPhase section */
		CDD72A5D16E2DF9A00DC703A /* CopyFiles */ = {
			isa = PBXCopyFilesBuildPhase;
			buildActionMask = 2147483647;
			dstPath = "include/${PRODUCT_NAME}";
			dstSubfolderSpec = 16;
			files = (
				CDD72A5F16E2DFFA00DC703A /* Errplane.h in CopyFiles */,
				CDD72A5E16E2DFF300DC703A /* EPDefaultExceptionHash.h in CopyFiles */,
			);
			runOnlyForDeploymentPostprocessing = 0;
		};
		CDD72A7416E36EE000DC703A /* CopyFiles */ = {
			isa = PBXCopyFilesBuildPhase;
			buildActionMask = 2147483647;
			dstPath = "include/${PRODUCT_NAME}";
			dstSubfolderSpec = 16;
			files = (
				CDD72A7516E36EE000DC703A /* Errplane.h in CopyFiles */,
				CDD72A7616E36EE000DC703A /* EPDefaultExceptionHash.h in CopyFiles */,
			);
			runOnlyForDeploymentPostprocessing = 0;
		};
		CDD72A8416E370C100DC703A /* CopyFiles */ = {
			isa = PBXCopyFilesBuildPhase;
			buildActionMask = 2147483647;
			dstPath = "${TARGET_BUILD_DIR}/../errplane-ios-dist";
			dstSubfolderSpec = 0;
			files = (
				CDD72A9116E37F7C00DC703A /* Errplane.h in CopyFiles */,
				CDD72A8616E3716E00DC703A /* EPDefaultExceptionHash.h in CopyFiles */,
			);
			runOnlyForDeploymentPostprocessing = 0;
		};
/* End PBXCopyFilesBuildPhase section */

/* Begin PBXFileReference section */
		CD0EE5A816CE548600210834 /* liberrplane-ios.1.0.1.a */ = {isa = PBXFileReference; explicitFileType = archive.ar; includeInIndex = 0; path = "liberrplane-ios.1.0.1.a"; sourceTree = BUILT_PRODUCTS_DIR; };
		CD0EE5AB16CE548600210834 /* Foundation.framework */ = {isa = PBXFileReference; lastKnownFileType = wrapper.framework; name = Foundation.framework; path = System/Library/Frameworks/Foundation.framework; sourceTree = SDKROOT; };
		CD0EE5AF16CE548600210834 /* errplane-ios-Prefix.pch */ = {isa = PBXFileReference; lastKnownFileType = sourcecode.c.h; path = "errplane-ios-Prefix.pch"; sourceTree = "<group>"; };
		CD0EE5B816CE548600210834 /* errplane-iosTests.octest */ = {isa = PBXFileReference; explicitFileType = wrapper.cfbundle; includeInIndex = 0; path = "errplane-iosTests.octest"; sourceTree = BUILT_PRODUCTS_DIR; };
		CD0EE5B916CE548600210834 /* SenTestingKit.framework */ = {isa = PBXFileReference; lastKnownFileType = wrapper.framework; name = SenTestingKit.framework; path = Library/Frameworks/SenTestingKit.framework; sourceTree = DEVELOPER_DIR; };
		CD0EE5BB16CE548600210834 /* UIKit.framework */ = {isa = PBXFileReference; lastKnownFileType = wrapper.framework; name = UIKit.framework; path = Library/Frameworks/UIKit.framework; sourceTree = DEVELOPER_DIR; };
		CD0EE5C316CE548600210834 /* errplane-iosTests-Info.plist */ = {isa = PBXFileReference; lastKnownFileType = text.plist.xml; path = "errplane-iosTests-Info.plist"; sourceTree = "<group>"; };
		CD0EE5C516CE548600210834 /* en */ = {isa = PBXFileReference; lastKnownFileType = text.plist.strings; name = en; path = en.lproj/InfoPlist.strings; sourceTree = "<group>"; };
		CD0EE5D216CE5A8B00210834 /* Errplane.h */ = {isa = PBXFileReference; fileEncoding = 4; lastKnownFileType = sourcecode.c.h; path = Errplane.h; sourceTree = "<group>"; };
		CD0EE5D316CE5A8B00210834 /* Errplane.m */ = {isa = PBXFileReference; fileEncoding = 4; lastKnownFileType = sourcecode.c.objc; path = Errplane.m; sourceTree = "<group>"; };
		CD0EE5E016CFAD2600210834 /* EPReportHelper.h */ = {isa = PBXFileReference; fileEncoding = 4; lastKnownFileType = sourcecode.c.h; path = EPReportHelper.h; sourceTree = "<group>"; };
		CD0EE5E116CFAD2600210834 /* EPReportHelper.m */ = {isa = PBXFileReference; fileEncoding = 4; lastKnownFileType = sourcecode.c.objc; path = EPReportHelper.m; sourceTree = "<group>"; };
		CD0EE5F616CFCCCF00210834 /* EPHTTPPostHelper.h */ = {isa = PBXFileReference; fileEncoding = 4; lastKnownFileType = sourcecode.c.h; path = EPHTTPPostHelper.h; sourceTree = "<group>"; };
		CD0EE5F716CFCCCF00210834 /* EPHTTPPostHelper.m */ = {isa = PBXFileReference; fileEncoding = 4; lastKnownFileType = sourcecode.c.objc; path = EPHTTPPostHelper.m; sourceTree = "<group>"; };
		CD0EE5FA16D0FCE700210834 /* ErrplaneTest.h */ = {isa = PBXFileReference; fileEncoding = 4; lastKnownFileType = sourcecode.c.h; path = ErrplaneTest.h; sourceTree = "<group>"; };
		CD0EE5FB16D0FCE700210834 /* ErrplaneTest.m */ = {isa = PBXFileReference; fileEncoding = 4; lastKnownFileType = sourcecode.c.objc; path = ErrplaneTest.m; sourceTree = "<group>"; };
		CD60B7DA16F33B8500AAAD72 /* EPUIApplicationNotification.h */ = {isa = PBXFileReference; fileEncoding = 4; lastKnownFileType = sourcecode.c.h; path = EPUIApplicationNotification.h; sourceTree = "<group>"; };
		CD60B7DB16F33B8500AAAD72 /* EPUIApplicationNotification.m */ = {isa = PBXFileReference; fileEncoding = 4; lastKnownFileType = sourcecode.c.objc; path = EPUIApplicationNotification.m; sourceTree = "<group>"; };
		CD70C64716E3AA8800F63D38 /* errplane-ios-dist */ = {isa = PBXFileReference; lastKnownFileType = folder; path = "errplane-ios-dist"; sourceTree = "<group>"; };
		CD8AD50F16EA1EEE00B7E303 /* UIViewController+EPReport.h */ = {isa = PBXFileReference; fileEncoding = 4; lastKnownFileType = sourcecode.c.h; path = "UIViewController+EPReport.h"; sourceTree = "<group>"; };
		CD8AD51016EA1EEE00B7E303 /* UIViewController+EPReport.m */ = {isa = PBXFileReference; fileEncoding = 4; lastKnownFileType = sourcecode.c.objc; path = "UIViewController+EPReport.m"; sourceTree = "<group>"; };
		CD8AD51A16EA203B00B7E303 /* UIControl+EPReport.h */ = {isa = PBXFileReference; fileEncoding = 4; lastKnownFileType = sourcecode.c.h; path = "UIControl+EPReport.h"; sourceTree = "<group>"; };
		CD8AD51B16EA203B00B7E303 /* UIControl+EPReport.m */ = {isa = PBXFileReference; fileEncoding = 4; lastKnownFileType = sourcecode.c.objc; path = "UIControl+EPReport.m"; sourceTree = "<group>"; };
		CD8AD52216EA209200B7E303 /* UITableViewController+EPReport.h */ = {isa = PBXFileReference; fileEncoding = 4; lastKnownFileType = sourcecode.c.h; path = "UITableViewController+EPReport.h"; sourceTree = "<group>"; };
		CD8AD52316EA209200B7E303 /* UITableViewController+EPReport.m */ = {isa = PBXFileReference; fileEncoding = 4; lastKnownFileType = sourcecode.c.objc; path = "UITableViewController+EPReport.m"; sourceTree = "<group>"; };
		CD9BB19016D8E47000A2B302 /* EPBase64.h */ = {isa = PBXFileReference; fileEncoding = 4; lastKnownFileType = sourcecode.c.h; path = EPBase64.h; sourceTree = "<group>"; };
		CD9BB19116D8E47000A2B302 /* EPBase64.m */ = {isa = PBXFileReference; fileEncoding = 4; lastKnownFileType = sourcecode.c.objc; path = EPBase64.m; sourceTree = "<group>"; };
		CD9BB19516D8F2B900A2B302 /* EPBase64Test.h */ = {isa = PBXFileReference; fileEncoding = 4; lastKnownFileType = sourcecode.c.h; path = EPBase64Test.h; sourceTree = "<group>"; };
		CD9BB19616D8F2B900A2B302 /* EPBase64Test.m */ = {isa = PBXFileReference; fileEncoding = 4; lastKnownFileType = sourcecode.c.objc; path = EPBase64Test.m; sourceTree = "<group>"; };
		CD9BB19816DA36A700A2B302 /* EPExceptionHashProtocol.h */ = {isa = PBXFileReference; fileEncoding = 4; lastKnownFileType = sourcecode.c.h; path = EPExceptionHashProtocol.h; sourceTree = "<group>"; };
		CD9BB19A16DA37D400A2B302 /* EPDefaultExceptionHash.h */ = {isa = PBXFileReference; fileEncoding = 4; lastKnownFileType = sourcecode.c.h; path = EPDefaultExceptionHash.h; sourceTree = "<group>"; };
		CD9BB19B16DA37D400A2B302 /* EPDefaultExceptionHash.m */ = {isa = PBXFileReference; fileEncoding = 4; lastKnownFileType = sourcecode.c.objc; path = EPDefaultExceptionHash.m; sourceTree = "<group>"; };
		CD9BB19E16DA438E00A2B302 /* EPExceptionDetailHelper.h */ = {isa = PBXFileReference; fileEncoding = 4; lastKnownFileType = sourcecode.c.h; path = EPExceptionDetailHelper.h; sourceTree = "<group>"; };
		CD9BB19F16DA438F00A2B302 /* EPExceptionDetailHelper.m */ = {isa = PBXFileReference; fileEncoding = 4; lastKnownFileType = sourcecode.c.objc; path = EPExceptionDetailHelper.m; sourceTree = "<group>"; };
		CD9BB1A216DA4E0700A2B302 /* EPIOSDeviceInfo.h */ = {isa = PBXFileReference; fileEncoding = 4; lastKnownFileType = sourcecode.c.h; path = EPIOSDeviceInfo.h; sourceTree = "<group>"; };
		CD9BB1A316DA4E0700A2B302 /* EPIOSDeviceInfo.m */ = {isa = PBXFileReference; fileEncoding = 4; lastKnownFileType = sourcecode.c.objc; path = EPIOSDeviceInfo.m; sourceTree = "<group>"; };
		CDD72A5916E23B3900DC703A /* TestExceptionHashImpl.h */ = {isa = PBXFileReference; fileEncoding = 4; lastKnownFileType = sourcecode.c.h; path = TestExceptionHashImpl.h; sourceTree = "<group>"; };
		CDD72A5A16E23B3900DC703A /* TestExceptionHashImpl.m */ = {isa = PBXFileReference; fileEncoding = 4; lastKnownFileType = sourcecode.c.objc; path = TestExceptionHashImpl.m; sourceTree = "<group>"; };
		CDD72A7A16E36EE000DC703A /* liberrplane-ios-sim.1.0.a */ = {isa = PBXFileReference; explicitFileType = archive.ar; includeInIndex = 0; path = "liberrplane-ios-sim.1.0.a"; sourceTree = BUILT_PRODUCTS_DIR; };
/* End PBXFileReference section */

/* Begin PBXFrameworksBuildPhase section */
		CD0EE5A516CE548600210834 /* Frameworks */ = {
			isa = PBXFrameworksBuildPhase;
			buildActionMask = 2147483647;
			files = (
				CD0EE5AC16CE548600210834 /* Foundation.framework in Frameworks */,
			);
			runOnlyForDeploymentPostprocessing = 0;
		};
		CD0EE5B416CE548600210834 /* Frameworks */ = {
			isa = PBXFrameworksBuildPhase;
			buildActionMask = 2147483647;
			files = (
				CD0EE5BA16CE548600210834 /* SenTestingKit.framework in Frameworks */,
				CD0EE5BC16CE548600210834 /* UIKit.framework in Frameworks */,
				CD0EE5BD16CE548600210834 /* Foundation.framework in Frameworks */,
				CD0EE5C016CE548600210834 /* liberrplane-ios.1.0.1.a in Frameworks */,
			);
			runOnlyForDeploymentPostprocessing = 0;
		};
		CDD72A6916E36EE000DC703A /* Frameworks */ = {
			isa = PBXFrameworksBuildPhase;
			buildActionMask = 2147483647;
			files = (
				CDD72A6A16E36EE000DC703A /* Foundation.framework in Frameworks */,
			);
			runOnlyForDeploymentPostprocessing = 0;
		};
/* End PBXFrameworksBuildPhase section */

/* Begin PBXGroup section */
		CD0EE59D16CE548600210834 = {
			isa = PBXGroup;
			children = (
				CD8AD50D16EA1EA600B7E303 /* UIReporting */,
				CD70C64716E3AA8800F63D38 /* errplane-ios-dist */,
				CD0EE5AD16CE548600210834 /* errplane-ios */,
				CD0EE5C116CE548600210834 /* errplane-iosTests */,
				CD0EE5AA16CE548600210834 /* Frameworks */,
				CD0EE5A916CE548600210834 /* Products */,
			);
			sourceTree = "<group>";
		};
		CD0EE5A916CE548600210834 /* Products */ = {
			isa = PBXGroup;
			children = (
				CD0EE5A816CE548600210834 /* liberrplane-ios.1.0.1.a */,
				CD0EE5B816CE548600210834 /* errplane-iosTests.octest */,
				CDD72A7A16E36EE000DC703A /* liberrplane-ios-sim.1.0.a */,
			);
			name = Products;
			sourceTree = "<group>";
		};
		CD0EE5AA16CE548600210834 /* Frameworks */ = {
			isa = PBXGroup;
			children = (
				CD0EE5AB16CE548600210834 /* Foundation.framework */,
				CD0EE5B916CE548600210834 /* SenTestingKit.framework */,
				CD0EE5BB16CE548600210834 /* UIKit.framework */,
			);
			name = Frameworks;
			sourceTree = "<group>";
		};
		CD0EE5AD16CE548600210834 /* errplane-ios */ = {
			isa = PBXGroup;
			children = (
				CD0EE5DB16CFAC5D00210834 /* Support */,
				CD0EE5AE16CE548600210834 /* Supporting Files */,
				CD0EE5D216CE5A8B00210834 /* Errplane.h */,
				CD0EE5D316CE5A8B00210834 /* Errplane.m */,
			);
			path = "errplane-ios";
			sourceTree = "<group>";
		};
		CD0EE5AE16CE548600210834 /* Supporting Files */ = {
			isa = PBXGroup;
			children = (
				CD0EE5AF16CE548600210834 /* errplane-ios-Prefix.pch */,
			);
			name = "Supporting Files";
			sourceTree = "<group>";
		};
		CD0EE5C116CE548600210834 /* errplane-iosTests */ = {
			isa = PBXGroup;
			children = (
				CD0EE5FA16D0FCE700210834 /* ErrplaneTest.h */,
				CD0EE5FB16D0FCE700210834 /* ErrplaneTest.m */,
				CD0EE5E816CFB44000210834 /* Support */,
				CD0EE5C216CE548600210834 /* Supporting Files */,
				CD9BB19516D8F2B900A2B302 /* EPBase64Test.h */,
				CD9BB19616D8F2B900A2B302 /* EPBase64Test.m */,
			);
			path = "errplane-iosTests";
			sourceTree = "<group>";
		};
		CD0EE5C216CE548600210834 /* Supporting Files */ = {
			isa = PBXGroup;
			children = (
				CD0EE5C316CE548600210834 /* errplane-iosTests-Info.plist */,
				CD0EE5C416CE548600210834 /* InfoPlist.strings */,
			);
			name = "Supporting Files";
			sourceTree = "<group>";
		};
		CD0EE5DB16CFAC5D00210834 /* Support */ = {
			isa = PBXGroup;
			children = (
				CD0EE5E016CFAD2600210834 /* EPReportHelper.h */,
				CD0EE5E116CFAD2600210834 /* EPReportHelper.m */,
				CD0EE5F616CFCCCF00210834 /* EPHTTPPostHelper.h */,
				CD0EE5F716CFCCCF00210834 /* EPHTTPPostHelper.m */,
				CD9BB19016D8E47000A2B302 /* EPBase64.h */,
				CD9BB19116D8E47000A2B302 /* EPBase64.m */,
				CD9BB19816DA36A700A2B302 /* EPExceptionHashProtocol.h */,
				CD9BB19A16DA37D400A2B302 /* EPDefaultExceptionHash.h */,
				CD9BB19B16DA37D400A2B302 /* EPDefaultExceptionHash.m */,
				CD9BB19E16DA438E00A2B302 /* EPExceptionDetailHelper.h */,
				CD9BB19F16DA438F00A2B302 /* EPExceptionDetailHelper.m */,
				CD9BB1A216DA4E0700A2B302 /* EPIOSDeviceInfo.h */,
				CD9BB1A316DA4E0700A2B302 /* EPIOSDeviceInfo.m */,
			);
			name = Support;
			sourceTree = "<group>";
		};
		CD0EE5E816CFB44000210834 /* Support */ = {
			isa = PBXGroup;
			children = (
				CDD72A5916E23B3900DC703A /* TestExceptionHashImpl.h */,
				CDD72A5A16E23B3900DC703A /* TestExceptionHashImpl.m */,
			);
			name = Support;
			sourceTree = "<group>";
		};
		CD8AD50D16EA1EA600B7E303 /* UIReporting */ = {
			isa = PBXGroup;
			children = (
				CD8AD50F16EA1EEE00B7E303 /* UIViewController+EPReport.h */,
				CD8AD51016EA1EEE00B7E303 /* UIViewController+EPReport.m */,
				CD8AD51A16EA203B00B7E303 /* UIControl+EPReport.h */,
				CD8AD51B16EA203B00B7E303 /* UIControl+EPReport.m */,
				CD8AD52216EA209200B7E303 /* UITableViewController+EPReport.h */,
				CD8AD52316EA209200B7E303 /* UITableViewController+EPReport.m */,
				CD60B7DA16F33B8500AAAD72 /* EPUIApplicationNotification.h */,
				CD60B7DB16F33B8500AAAD72 /* EPUIApplicationNotification.m */,
			);
			path = UIReporting;
			sourceTree = "<group>";
		};
/* End PBXGroup section */

/* Begin PBXHeadersBuildPhase section */
		CD0EE5A616CE548600210834 /* Headers */ = {
			isa = PBXHeadersBuildPhase;
			buildActionMask = 2147483647;
			files = (
				CD0EE5D416CE5A8B00210834 /* Errplane.h in Headers */,
				CD0EE5E216CFAD2600210834 /* EPReportHelper.h in Headers */,
				CD0EE5F816CFCCCF00210834 /* EPHTTPPostHelper.h in Headers */,
				CD9BB19216D8E47000A2B302 /* EPBase64.h in Headers */,
				CD9BB19916DA36A700A2B302 /* EPExceptionHashProtocol.h in Headers */,
				CD9BB19C16DA37D400A2B302 /* EPDefaultExceptionHash.h in Headers */,
				CD9BB1A016DA438F00A2B302 /* EPExceptionDetailHelper.h in Headers */,
				CD9BB1A416DA4E0800A2B302 /* EPIOSDeviceInfo.h in Headers */,
				CD8AD51116EA1EEE00B7E303 /* UIViewController+EPReport.h in Headers */,
				CD8AD51C16EA203B00B7E303 /* UIControl+EPReport.h in Headers */,
				CD8AD52416EA209200B7E303 /* UITableViewController+EPReport.h in Headers */,
				CD60B7DC16F33B8500AAAD72 /* EPUIApplicationNotification.h in Headers */,
			);
			runOnlyForDeploymentPostprocessing = 0;
		};
		CDD72A6B16E36EE000DC703A /* Headers */ = {
			isa = PBXHeadersBuildPhase;
			buildActionMask = 2147483647;
			files = (
				CDD72A6C16E36EE000DC703A /* Errplane.h in Headers */,
				CDD72A6D16E36EE000DC703A /* EPReportHelper.h in Headers */,
				CDD72A6E16E36EE000DC703A /* EPHTTPPostHelper.h in Headers */,
				CDD72A6F16E36EE000DC703A /* EPBase64.h in Headers */,
				CDD72A7016E36EE000DC703A /* EPExceptionHashProtocol.h in Headers */,
				CDD72A7116E36EE000DC703A /* EPDefaultExceptionHash.h in Headers */,
				CDD72A7216E36EE000DC703A /* EPExceptionDetailHelper.h in Headers */,
				CDD72A7316E36EE000DC703A /* EPIOSDeviceInfo.h in Headers */,
			);
			runOnlyForDeploymentPostprocessing = 0;
		};
/* End PBXHeadersBuildPhase section */

/* Begin PBXNativeTarget section */
		CD0EE5A716CE548600210834 /* errplane-ios */ = {
			isa = PBXNativeTarget;
			buildConfigurationList = CD0EE5CC16CE548600210834 /* Build configuration list for PBXNativeTarget "errplane-ios" */;
			buildPhases = (
				CD0EE5A416CE548600210834 /* Sources */,
				CD0EE5A516CE548600210834 /* Frameworks */,
				CD0EE5A616CE548600210834 /* Headers */,
				CDD72A5D16E2DF9A00DC703A /* CopyFiles */,
			);
			buildRules = (
			);
			dependencies = (
			);
			name = "errplane-ios";
			productName = "errplane-ios";
			productReference = CD0EE5A816CE548600210834 /* liberrplane-ios.1.0.1.a */;
			productType = "com.apple.product-type.library.static";
		};
		CD0EE5B716CE548600210834 /* errplane-iosTests */ = {
			isa = PBXNativeTarget;
			buildConfigurationList = CD0EE5CF16CE548600210834 /* Build configuration list for PBXNativeTarget "errplane-iosTests" */;
			buildPhases = (
				CD0EE5B316CE548600210834 /* Sources */,
				CD0EE5B416CE548600210834 /* Frameworks */,
				CD0EE5B516CE548600210834 /* Resources */,
				CD0EE5B616CE548600210834 /* ShellScript */,
			);
			buildRules = (
			);
			dependencies = (
				CD0EE5BF16CE548600210834 /* PBXTargetDependency */,
			);
			name = "errplane-iosTests";
			productName = "errplane-iosTests";
			productReference = CD0EE5B816CE548600210834 /* errplane-iosTests.octest */;
			productType = "com.apple.product-type.bundle";
		};
		CDD72A6016E36EE000DC703A /* errplane-ios-sim */ = {
			isa = PBXNativeTarget;
			buildConfigurationList = CDD72A7716E36EE000DC703A /* Build configuration list for PBXNativeTarget "errplane-ios-sim" */;
			buildPhases = (
				CDD72A6116E36EE000DC703A /* Sources */,
				CDD72A6916E36EE000DC703A /* Frameworks */,
				CDD72A6B16E36EE000DC703A /* Headers */,
				CDD72A7416E36EE000DC703A /* CopyFiles */,
			);
			buildRules = (
			);
			dependencies = (
			);
			name = "errplane-ios-sim";
			productName = "errplane-ios";
			productReference = CDD72A7A16E36EE000DC703A /* liberrplane-ios-sim.1.0.a */;
			productType = "com.apple.product-type.library.static";
		};
/* End PBXNativeTarget section */

/* Begin PBXProject section */
		CD0EE59F16CE548600210834 /* Project object */ = {
			isa = PBXProject;
			attributes = {
				LastUpgradeCheck = 0420;
				ORGANIZATIONNAME = Errplane;
			};
			buildConfigurationList = CD0EE5A216CE548600210834 /* Build configuration list for PBXProject "errplane-ios" */;
			compatibilityVersion = "Xcode 3.2";
			developmentRegion = English;
			hasScannedForEncodings = 0;
			knownRegions = (
				en,
			);
			mainGroup = CD0EE59D16CE548600210834;
			productRefGroup = CD0EE5A916CE548600210834 /* Products */;
			projectDirPath = "";
			projectRoot = "";
			targets = (
				CD0EE5A716CE548600210834 /* errplane-ios */,
				CD0EE5B716CE548600210834 /* errplane-iosTests */,
				CDD72A6016E36EE000DC703A /* errplane-ios-sim */,
				CDD72A7B16E3705300DC703A /* Build and Merge libs */,
			);
		};
/* End PBXProject section */

/* Begin PBXResourcesBuildPhase section */
		CD0EE5B516CE548600210834 /* Resources */ = {
			isa = PBXResourcesBuildPhase;
			buildActionMask = 2147483647;
			files = (
				CD0EE5C616CE548600210834 /* InfoPlist.strings in Resources */,
			);
			runOnlyForDeploymentPostprocessing = 0;
		};
/* End PBXResourcesBuildPhase section */

/* Begin PBXShellScriptBuildPhase section */
		CD0EE5B616CE548600210834 /* ShellScript */ = {
			isa = PBXShellScriptBuildPhase;
			buildActionMask = 2147483647;
			files = (
			);
			inputPaths = (
			);
			outputPaths = (
			);
			runOnlyForDeploymentPostprocessing = 0;
			shellPath = /bin/sh;
			shellScript = "# Run the unit tests in this test bundle.\n\"${SYSTEM_DEVELOPER_DIR}/Tools/RunUnitTests\"\n";
		};
		CDD72A8316E370B600DC703A /* ShellScript */ = {
			isa = PBXShellScriptBuildPhase;
			buildActionMask = 2147483647;
			files = (
			);
			inputPaths = (
			);
			outputPaths = (
			);
			runOnlyForDeploymentPostprocessing = 0;
			shellPath = /bin/sh;
			shellScript = "# make a new output folder\nmkdir -p ${TARGET_BUILD_DIR}/../errplane-ios-dist\n\n# combine lib files for various platforms into one\nlipo -create \"${TARGET_BUILD_DIR}/../Debug-iphoneos/liberrplane-ios.${CURRENT_PROJECT_VERSION}.a\" \"${TARGET_BUILD_DIR}/../Debug-iphonesimulator/liberrplane-ios.${CURRENT_PROJECT_VERSION}.a\" -output \"${TARGET_BUILD_DIR}/../errplane-ios-dist/liberrplane-ios.${CURRENT_PROJECT_VERSION}.a\"";
		};
		CDD72A8516E370C300DC703A /* ShellScript */ = {
			isa = PBXShellScriptBuildPhase;
			buildActionMask = 2147483647;
			files = (
			);
			inputPaths = (
			);
			outputPaths = (
			);
			runOnlyForDeploymentPostprocessing = 0;
			shellPath = /bin/sh;
			shellScript = "ditto -c -k --keepParent \"${TARGET_BUILD_DIR}/../errplane-ios-dist\" \"${TARGET_BUILD_DIR}/../errplane-ios.${CURRENT_PROJECT_VERSION}.zip\"";
		};
/* End PBXShellScriptBuildPhase section */

/* Begin PBXSourcesBuildPhase section */
		CD0EE5A416CE548600210834 /* Sources */ = {
			isa = PBXSourcesBuildPhase;
			buildActionMask = 2147483647;
			files = (
				CD0EE5D516CE5A8B00210834 /* Errplane.m in Sources */,
				CD0EE5E316CFAD2600210834 /* EPReportHelper.m in Sources */,
				CD0EE5F916CFCCCF00210834 /* EPHTTPPostHelper.m in Sources */,
				CD9BB19316D8E47000A2B302 /* EPBase64.m in Sources */,
				CD9BB19D16DA37D400A2B302 /* EPDefaultExceptionHash.m in Sources */,
				CD9BB1A116DA438F00A2B302 /* EPExceptionDetailHelper.m in Sources */,
				CD9BB1A516DA4E0800A2B302 /* EPIOSDeviceInfo.m in Sources */,
				CD8AD51216EA1EEE00B7E303 /* UIViewController+EPReport.m in Sources */,
				CD8AD51D16EA203B00B7E303 /* UIControl+EPReport.m in Sources */,
				CD8AD52516EA209200B7E303 /* UITableViewController+EPReport.m in Sources */,
				CD60B7DD16F33B8500AAAD72 /* EPUIApplicationNotification.m in Sources */,
			);
			runOnlyForDeploymentPostprocessing = 0;
		};
		CD0EE5B316CE548600210834 /* Sources */ = {
			isa = PBXSourcesBuildPhase;
			buildActionMask = 2147483647;
			files = (
				CD0EE5FC16D0FCE700210834 /* ErrplaneTest.m in Sources */,
				CD9BB19716D8F2B900A2B302 /* EPBase64Test.m in Sources */,
				CDD72A5B16E23B3900DC703A /* TestExceptionHashImpl.m in Sources */,
			);
			runOnlyForDeploymentPostprocessing = 0;
		};
		CDD72A6116E36EE000DC703A /* Sources */ = {
			isa = PBXSourcesBuildPhase;
			buildActionMask = 2147483647;
			files = (
				CDD72A6216E36EE000DC703A /* Errplane.m in Sources */,
				CDD72A6316E36EE000DC703A /* EPReportHelper.m in Sources */,
				CDD72A6416E36EE000DC703A /* EPHTTPPostHelper.m in Sources */,
				CDD72A6516E36EE000DC703A /* EPBase64.m in Sources */,
				CDD72A6616E36EE000DC703A /* EPDefaultExceptionHash.m in Sources */,
				CDD72A6716E36EE000DC703A /* EPExceptionDetailHelper.m in Sources */,
				CDD72A6816E36EE000DC703A /* EPIOSDeviceInfo.m in Sources */,
			);
			runOnlyForDeploymentPostprocessing = 0;
		};
/* End PBXSourcesBuildPhase section */

/* Begin PBXTargetDependency section */
		CD0EE5BF16CE548600210834 /* PBXTargetDependency */ = {
			isa = PBXTargetDependency;
			target = CD0EE5A716CE548600210834 /* errplane-ios */;
			targetProxy = CD0EE5BE16CE548600210834 /* PBXContainerItemProxy */;
		};
		CDD72A8016E3709C00DC703A /* PBXTargetDependency */ = {
			isa = PBXTargetDependency;
			target = CD0EE5A716CE548600210834 /* errplane-ios */;
			targetProxy = CDD72A7F16E3709C00DC703A /* PBXContainerItemProxy */;
		};
/* End PBXTargetDependency section */

/* Begin PBXVariantGroup section */
		CD0EE5C416CE548600210834 /* InfoPlist.strings */ = {
			isa = PBXVariantGroup;
			children = (
				CD0EE5C516CE548600210834 /* en */,
			);
			name = InfoPlist.strings;
			sourceTree = "<group>";
		};
/* End PBXVariantGroup section */

/* Begin XCBuildConfiguration section */
		CD0EE5CA16CE548600210834 /* Debug */ = {
			isa = XCBuildConfiguration;
			buildSettings = {
				ALWAYS_SEARCH_USER_PATHS = NO;
				ARCHS = "$(ARCHS_STANDARD_32_BIT)";
				COPY_PHASE_STRIP = NO;
				CURRENT_PROJECT_VERSION = 1.0.1;
				GCC_C_LANGUAGE_STANDARD = gnu99;
				GCC_DYNAMIC_NO_PIC = NO;
				GCC_OPTIMIZATION_LEVEL = 0;
				GCC_PREPROCESSOR_DEFINITIONS = (
					"DEBUG=1",
					"$(inherited)",
				);
				GCC_SYMBOLS_PRIVATE_EXTERN = NO;
				GCC_VERSION = com.apple.compilers.llvm.clang.1_0;
				GCC_WARN_ABOUT_MISSING_PROTOTYPES = YES;
				GCC_WARN_ABOUT_RETURN_TYPE = YES;
				GCC_WARN_UNUSED_VARIABLE = YES;
				IPHONEOS_DEPLOYMENT_TARGET = 5.0;
				SDKROOT = iphoneos;
			};
			name = Debug;
		};
		CD0EE5CB16CE548600210834 /* Release */ = {
			isa = XCBuildConfiguration;
			buildSettings = {
				ALWAYS_SEARCH_USER_PATHS = NO;
				ARCHS = "$(ARCHS_STANDARD_32_BIT)";
				COPY_PHASE_STRIP = YES;
				CURRENT_PROJECT_VERSION = 1.0.1;
				GCC_C_LANGUAGE_STANDARD = gnu99;
				GCC_VERSION = com.apple.compilers.llvm.clang.1_0;
				GCC_WARN_ABOUT_MISSING_PROTOTYPES = YES;
				GCC_WARN_ABOUT_RETURN_TYPE = YES;
				GCC_WARN_UNUSED_VARIABLE = YES;
				IPHONEOS_DEPLOYMENT_TARGET = 5.0;
				SDKROOT = iphoneos;
				VALIDATE_PRODUCT = YES;
			};
			name = Release;
		};
		CD0EE5CD16CE548600210834 /* Debug */ = {
			isa = XCBuildConfiguration;
			buildSettings = {
				ARCHS = (
					armv6,
					"$(ARCHS_STANDARD_32_BIT)",
				);
				CURRENT_PROJECT_VERSION = 1.0.1;
				DSTROOT = /tmp/errplane_ios.dst;
				GCC_PRECOMPILE_PREFIX_HEADER = YES;
				GCC_PREFIX_HEADER = "errplane-ios/errplane-ios-Prefix.pch";
				IPHONEOS_DEPLOYMENT_TARGET = 4.2;
				OTHER_LDFLAGS = "-ObjC";
				PRODUCT_NAME = "$(TARGET_NAME).${CURRENT_PROJECT_VERSION}";
				SKIP_INSTALL = YES;
				TARGETED_DEVICE_FAMILY = "1,2";
			};
			name = Debug;
		};
		CD0EE5CE16CE548600210834 /* Release */ = {
			isa = XCBuildConfiguration;
			buildSettings = {
				ARCHS = (
					armv6,
					"$(ARCHS_STANDARD_32_BIT)",
				);
				CURRENT_PROJECT_VERSION = 1.0.1;
				DSTROOT = /tmp/errplane_ios.dst;
				GCC_PRECOMPILE_PREFIX_HEADER = YES;
				GCC_PREFIX_HEADER = "errplane-ios/errplane-ios-Prefix.pch";
				IPHONEOS_DEPLOYMENT_TARGET = 4.2;
				OTHER_LDFLAGS = "-ObjC";
				PRODUCT_NAME = "$(TARGET_NAME).${CURRENT_PROJECT_VERSION}";
				SKIP_INSTALL = YES;
				TARGETED_DEVICE_FAMILY = "1,2";
			};
			name = Release;
		};
		CD0EE5D016CE548600210834 /* Debug */ = {
			isa = XCBuildConfiguration;
			buildSettings = {
				BUNDLE_LOADER = "";
				FRAMEWORK_SEARCH_PATHS = (
					"$(SDKROOT)/Developer/Library/Frameworks",
					"$(DEVELOPER_LIBRARY_DIR)/Frameworks",
				);
				GCC_PRECOMPILE_PREFIX_HEADER = YES;
				GCC_PREFIX_HEADER = "errplane-ios/errplane-ios-Prefix.pch";
				INFOPLIST_FILE = "errplane-iosTests/errplane-iosTests-Info.plist";
				PRODUCT_NAME = "$(TARGET_NAME)";
				WRAPPER_EXTENSION = octest;
			};
			name = Debug;
		};
		CD0EE5D116CE548600210834 /* Release */ = {
			isa = XCBuildConfiguration;
			buildSettings = {
				BUNDLE_LOADER = "";
				FRAMEWORK_SEARCH_PATHS = (
					"$(SDKROOT)/Developer/Library/Frameworks",
					"$(DEVELOPER_LIBRARY_DIR)/Frameworks",
				);
				GCC_PRECOMPILE_PREFIX_HEADER = YES;
				GCC_PREFIX_HEADER = "errplane-ios/errplane-ios-Prefix.pch";
				INFOPLIST_FILE = "errplane-iosTests/errplane-iosTests-Info.plist";
				PRODUCT_NAME = "$(TARGET_NAME)";
				WRAPPER_EXTENSION = octest;
			};
			name = Release;
		};
		CDD72A7816E36EE000DC703A /* Debug */ = {
			isa = XCBuildConfiguration;
			buildSettings = {
				CURRENT_PROJECT_VERSION = 1.0;
				DSTROOT = /tmp/errplane_ios.dst;
				GCC_PRECOMPILE_PREFIX_HEADER = YES;
				GCC_PREFIX_HEADER = "errplane-ios/errplane-ios-Prefix.pch";
				OTHER_LDFLAGS = "-ObjC";
				PRODUCT_NAME = "$(TARGET_NAME).${CURRENT_PROJECT_VERSION}";
				SDKROOT = macosx;
				SKIP_INSTALL = YES;
				TARGETED_DEVICE_FAMILY = "1,2";
			};
			name = Debug;
		};
		CDD72A7916E36EE000DC703A /* Release */ = {
			isa = XCBuildConfiguration;
			buildSettings = {
				CURRENT_PROJECT_VERSION = 1.0;
				DSTROOT = /tmp/errplane_ios.dst;
				GCC_PRECOMPILE_PREFIX_HEADER = YES;
				GCC_PREFIX_HEADER = "errplane-ios/errplane-ios-Prefix.pch";
				OTHER_LDFLAGS = "-ObjC";
				PRODUCT_NAME = "$(TARGET_NAME).${CURRENT_PROJECT_VERSION}";
				SDKROOT = macosx;
				SKIP_INSTALL = YES;
				TARGETED_DEVICE_FAMILY = "1,2";
			};
			name = Release;
		};
		CDD72A7D16E3705300DC703A /* Debug */ = {
			isa = XCBuildConfiguration;
			buildSettings = {
				PRODUCT_NAME = "$(TARGET_NAME)";
			};
			name = Debug;
		};
		CDD72A7E16E3705300DC703A /* Release */ = {
			isa = XCBuildConfiguration;
			buildSettings = {
				PRODUCT_NAME = "$(TARGET_NAME)";
			};
			name = Release;
		};
/* End XCBuildConfiguration section */

/* Begin XCConfigurationList section */
		CD0EE5A216CE548600210834 /* Build configuration list for PBXProject "errplane-ios" */ = {
			isa = XCConfigurationList;
			buildConfigurations = (
				CD0EE5CA16CE548600210834 /* Debug */,
				CD0EE5CB16CE548600210834 /* Release */,
			);
			defaultConfigurationIsVisible = 0;
			defaultConfigurationName = Release;
		};
		CD0EE5CC16CE548600210834 /* Build configuration list for PBXNativeTarget "errplane-ios" */ = {
			isa = XCConfigurationList;
			buildConfigurations = (
				CD0EE5CD16CE548600210834 /* Debug */,
				CD0EE5CE16CE548600210834 /* Release */,
			);
			defaultConfigurationIsVisible = 0;
			defaultConfigurationName = Release;
		};
		CD0EE5CF16CE548600210834 /* Build configuration list for PBXNativeTarget "errplane-iosTests" */ = {
			isa = XCConfigurationList;
			buildConfigurations = (
				CD0EE5D016CE548600210834 /* Debug */,
				CD0EE5D116CE548600210834 /* Release */,
			);
			defaultConfigurationIsVisible = 0;
			defaultConfigurationName = Release;
		};
		CDD72A7716E36EE000DC703A /* Build configuration list for PBXNativeTarget "errplane-ios-sim" */ = {
			isa = XCConfigurationList;
			buildConfigurations = (
				CDD72A7816E36EE000DC703A /* Debug */,
				CDD72A7916E36EE000DC703A /* Release */,
			);
			defaultConfigurationIsVisible = 0;
			defaultConfigurationName = Release;
		};
		CDD72A7C16E3705300DC703A /* Build configuration list for PBXAggregateTarget "Build and Merge libs" */ = {
			isa = XCConfigurationList;
			buildConfigurations = (
				CDD72A7D16E3705300DC703A /* Debug */,
				CDD72A7E16E3705300DC703A /* Release */,
			);
			defaultConfigurationIsVisible = 0;
			defaultConfigurationName = Release;
		};
/* End XCConfigurationList section */
	};
	rootObject = CD0EE59F16CE548600210834 /* Project object */;
}
